
Microsoft Visual Studio Solution File, Format Version 12.00
# Visual Studio Version 17
VisualStudioVersion = 17.10.34916.146
MinimumVisualStudioVersion = 10.0.40219.1
Project("{FAE04EC0-301F-11D3-BF4B-00C04F79EFBC}") = "Data types", "Data types\Data types.csproj", "{6E41189A-2F01-411D-91D0-FC6FD2DD147C}"
EndProject
Global
	GlobalSection(SolutionConfigurationPlatforms) = preSolution
		Debug|Any CPU = Debug|Any CPU
		Release|Any CPU = Release|Any CPU
	EndGlobalSection
	GlobalSection(ProjectConfigurationPlatforms) = postSolution
		{6E41189A-2F01-411D-91D0-FC6FD2DD147C}.Debug|Any CPU.ActiveCfg = Debug|Any CPU
		{6E41189A-2F01-411D-91D0-FC6FD2DD147C}.Debug|Any CPU.Build.0 = Debug|Any CPU
		{6E41189A-2F01-411D-91D0-FC6FD2DD147C}.Release|Any CPU.ActiveCfg = Release|Any CPU
		{6E41189A-2F01-411D-91D0-FC6FD2DD147C}.Release|Any CPU.Build.0 = Release|Any CPU
	EndGlobalSection
	GlobalSection(SolutionProperties) = preSolution
		HideSolutionNode = FALSE
	EndGlobalSection
	GlobalSection(ExtensibilityGlobals) = postSolution
		SolutionGuid = {CF7797D3-53BC-4925-AD5A-12943C60DC8A}
	EndGlobalSection
EndGlobal
