
Microsoft Visual Studio Solution File, Format Version 12.00
# Visual Studio Version 17
VisualStudioVersion = 17.10.34916.146
MinimumVisualStudioVersion = 10.0.40219.1
Project("{FAE04EC0-301F-11D3-BF4B-00C04F79EFBC}") = "Hashset Challenge", "Hashset Challenge\Hashset Challenge.csproj", "{F6DB03A7-73E6-45B1-B31B-8B0CC11090BD}"
EndProject
Global
	GlobalSection(SolutionConfigurationPlatforms) = preSolution
		Debug|Any CPU = Debug|Any CPU
		Release|Any CPU = Release|Any CPU
	EndGlobalSection
	GlobalSection(ProjectConfigurationPlatforms) = postSolution
		{F6DB03A7-73E6-45B1-B31B-8B0CC11090BD}.Debug|Any CPU.ActiveCfg = Debug|Any CPU
		{F6DB03A7-73E6-45B1-B31B-8B0CC11090BD}.Debug|Any CPU.Build.0 = Debug|Any CPU
		{F6DB03A7-73E6-45B1-B31B-8B0CC11090BD}.Release|Any CPU.ActiveCfg = Release|Any CPU
		{F6DB03A7-73E6-45B1-B31B-8B0CC11090BD}.Release|Any CPU.Build.0 = Release|Any CPU
	EndGlobalSection
	GlobalSection(SolutionProperties) = preSolution
		HideSolutionNode = FALSE
	EndGlobalSection
	GlobalSection(ExtensibilityGlobals) = postSolution
		SolutionGuid = {8DA39547-71DC-4D30-9F7F-FE01356C3257}
	EndGlobalSection
EndGlobal
