
Microsoft Visual Studio Solution File, Format Version 12.00
# Visual Studio Version 17
VisualStudioVersion = 17.10.34916.146
MinimumVisualStudioVersion = 10.0.40219.1
Project("{FAE04EC0-301F-11D3-BF4B-00C04F79EFBC}") = "if else", "if else\if else.csproj", "{FD913023-68B8-4C02-A5A6-C925F891CD01}"
EndProject
Global
	GlobalSection(SolutionConfigurationPlatforms) = preSolution
		Debug|Any CPU = Debug|Any CPU
		Release|Any CPU = Release|Any CPU
	EndGlobalSection
	GlobalSection(ProjectConfigurationPlatforms) = postSolution
		{FD913023-68B8-4C02-A5A6-C925F891CD01}.Debug|Any CPU.ActiveCfg = Debug|Any CPU
		{FD913023-68B8-4C02-A5A6-C925F891CD01}.Debug|Any CPU.Build.0 = Debug|Any CPU
		{FD913023-68B8-4C02-A5A6-C925F891CD01}.Release|Any CPU.ActiveCfg = Release|Any CPU
		{FD913023-68B8-4C02-A5A6-C925F891CD01}.Release|Any CPU.Build.0 = Release|Any CPU
	EndGlobalSection
	GlobalSection(SolutionProperties) = preSolution
		HideSolutionNode = FALSE
	EndGlobalSection
	GlobalSection(ExtensibilityGlobals) = postSolution
		SolutionGuid = {E6E48C39-B0B5-4B01-B884-DCB933E59954}
	EndGlobalSection
EndGlobal
