
Microsoft Visual Studio Solution File, Format Version 12.00
# Visual Studio Version 17
VisualStudioVersion = 17.10.34916.146
MinimumVisualStudioVersion = 10.0.40219.1
Project("{FAE04EC0-301F-11D3-BF4B-00C04F79EFBC}") = "List", "List\List.csproj", "{834BB310-6AC0-47FD-9DB8-24A46E0851F1}"
EndProject
Global
	GlobalSection(SolutionConfigurationPlatforms) = preSolution
		Debug|Any CPU = Debug|Any CPU
		Release|Any CPU = Release|Any CPU
	EndGlobalSection
	GlobalSection(ProjectConfigurationPlatforms) = postSolution
		{834BB310-6AC0-47FD-9DB8-24A46E0851F1}.Debug|Any CPU.ActiveCfg = Debug|Any CPU
		{834BB310-6AC0-47FD-9DB8-24A46E0851F1}.Debug|Any CPU.Build.0 = Debug|Any CPU
		{834BB310-6AC0-47FD-9DB8-24A46E0851F1}.Release|Any CPU.ActiveCfg = Release|Any CPU
		{834BB310-6AC0-47FD-9DB8-24A46E0851F1}.Release|Any CPU.Build.0 = Release|Any CPU
	EndGlobalSection
	GlobalSection(SolutionProperties) = preSolution
		HideSolutionNode = FALSE
	EndGlobalSection
	GlobalSection(ExtensibilityGlobals) = postSolution
		SolutionGuid = {A20FAFC4-5CF0-411B-9A36-46AB808C2FDB}
	EndGlobalSection
EndGlobal
