
Microsoft Visual Studio Solution File, Format Version 12.00
# Visual Studio Version 17
VisualStudioVersion = 17.10.34916.146
MinimumVisualStudioVersion = 10.0.40219.1
Project("{FAE04EC0-301F-11D3-BF4B-00C04F79EFBC}") = "Result", "Result\Result.csproj", "{D4F29E9F-C52B-4182-9B65-2201F70DCF8D}"
EndProject
Global
	GlobalSection(SolutionConfigurationPlatforms) = preSolution
		Debug|Any CPU = Debug|Any CPU
		Release|Any CPU = Release|Any CPU
	EndGlobalSection
	GlobalSection(ProjectConfigurationPlatforms) = postSolution
		{D4F29E9F-C52B-4182-9B65-2201F70DCF8D}.Debug|Any CPU.ActiveCfg = Debug|Any CPU
		{D4F29E9F-C52B-4182-9B65-2201F70DCF8D}.Debug|Any CPU.Build.0 = Debug|Any CPU
		{D4F29E9F-C52B-4182-9B65-2201F70DCF8D}.Release|Any CPU.ActiveCfg = Release|Any CPU
		{D4F29E9F-C52B-4182-9B65-2201F70DCF8D}.Release|Any CPU.Build.0 = Release|Any CPU
	EndGlobalSection
	GlobalSection(SolutionProperties) = preSolution
		HideSolutionNode = FALSE
	EndGlobalSection
	GlobalSection(ExtensibilityGlobals) = postSolution
		SolutionGuid = {D09F38E2-8B1B-46F3-A9AE-E025CAFB4A69}
	EndGlobalSection
EndGlobal
